{
  "name": "contract-vm",
  "version": "0.0.0",
  "lockfileVersion": 1,
  "requires": true,
  "dependencies": {
    "@protobufjs/utf8": {
      "version": "1.1.0",
      "resolved": "https://registry.npmjs.org/@protobufjs/utf8/-/utf8-1.1.0.tgz",
      "integrity": "sha1-p3c2C1s5oaLlEG+OhY8v0tBgxXA="
    },
    "@types/node": {
      "version": "11.9.4",
      "resolved": "https://registry.npmjs.org/@types/node/-/node-11.9.4.tgz",
      "integrity": "sha512-Zl8dGvAcEmadgs1tmSPcvwzO1YRsz38bVJQvH1RvRqSR9/5n61Q1ktcDL0ht3FXWR+ZpVmXVwN1LuH4Ax23NsA=="
    },
    "@types/webassembly-js-api": {
      "version": "0.0.2",
      "resolved": "https://registry.npmjs.org/@types/webassembly-js-api/-/webassembly-js-api-0.0.2.tgz",
      "integrity": "sha512-htlxJRag6RUiMYUkS8Fjup+TMHO0VarpiF9MrqYaGJ0wXtIraQFz40rfA8VIeCiWy8sgpv3RLmigpgicG8fqGA=="
    },
    "assemblyscript": {
      "version": "github:assemblyscript/assemblyscript#5f547131ab77394356df1a43d0e39c7987a3b016",
      "from": "github:assemblyscript/assemblyscript#5f547131ab77394356df1a43d0e39c7987a3b016",
      "requires": {
        "@protobufjs/utf8": "^1.1.0",
        "binaryen": "69.0.0-nightly.20190228",
        "glob": "^7.1.3",
        "long": "^4.0.0",
        "source-map-support": "^0.5.10"
      }
    },
    "balanced-match": {
      "version": "1.0.0",
      "resolved": "https://registry.npmjs.org/balanced-match/-/balanced-match-1.0.0.tgz",
      "integrity": "sha1-ibTRmasr7kneFk6gK4nORi1xt2c="
    },
    "binaryen": {
      "version": "69.0.0-nightly.20190228",
      "resolved": "https://registry.npmjs.org/binaryen/-/binaryen-69.0.0-nightly.20190228.tgz",
      "integrity": "sha512-rF3UuWKyYc0+PX+HteNKB3rl5FIcwIfmCldFp2PShJ9lwUvTLqvMaGfco6/QhFSP0Q0iLdHxBFDn9LHief8FPg=="
    },
    "bn.js": {
      "version": "4.11.8",
      "resolved": "https://registry.npmjs.org/bn.js/-/bn.js-4.11.8.tgz",
      "integrity": "sha512-ItfYfPLkWHUjckQCk8xC+LwxgK8NYcXywGigJgSwOP8Y2iyWT4f2vsZnoOXTTbo+o5yXmIUJ4gn5538SO5S3gA=="
    },
    "brace-expansion": {
      "version": "1.1.11",
      "resolved": "https://registry.npmjs.org/brace-expansion/-/brace-expansion-1.1.11.tgz",
      "integrity": "sha512-iCuPHDFgrHX7H2vEI/5xpz07zSHB00TpugqhmYtVmMO6518mCuRMoOYFldEBl0g187ufozdaHgWKcYFb61qGiA==",
      "requires": {
        "balanced-match": "^1.0.0",
        "concat-map": "0.0.1"
      }
    },
    "buffer-from": {
      "version": "1.1.1",
      "resolved": "https://registry.npmjs.org/buffer-from/-/buffer-from-1.1.1.tgz",
      "integrity": "sha512-MQcXEUbCKtEo7bhqEs6560Hyd4XaovZlO/k9V3hjVUF/zwW7KBVdSK4gIt/bzwS9MbR5qob+F5jusZsb0YQK2A=="
    },
    "buffer-pipe": {
      "version": "0.0.0",
      "resolved": "https://registry.npmjs.org/buffer-pipe/-/buffer-pipe-0.0.0.tgz",
      "integrity": "sha512-PvKbsvQOH4dcUyUEvQQSs3CIkkuPcOHt3gKnXwf4HsPKFDxSN7bkmICVIWgOmW/jx/fAEGGn4mIayIJPLs7G8g==",
      "requires": {
        "safe-buffer": "^5.1.1"
      }
    },
    "concat-map": {
      "version": "0.0.1",
      "resolved": "https://registry.npmjs.org/concat-map/-/concat-map-0.0.1.tgz",
      "integrity": "sha1-2Klr13/Wjfd5OnMDajug1UBdR3s="
    },
    "deterministic-json": {
      "version": "1.0.5",
      "resolved": "https://registry.npmjs.org/deterministic-json/-/deterministic-json-1.0.5.tgz",
      "integrity": "sha512-JSD3TNaM+xEgvV9JK+7hnQvEIAHD9ZvhTl4h2EmH5rDxmyN1o4/RSC0lH82anzt5b6IUW4Tb4d5uzE00vH/tMw==",
      "dev": true,
      "requires": {
        "json-stable-stringify": "^1.0.1"
      }
    },
    "fs.realpath": {
      "version": "1.0.0",
      "resolved": "https://registry.npmjs.org/fs.realpath/-/fs.realpath-1.0.0.tgz",
      "integrity": "sha1-FQStJSMVjKpA20onh8sBQRmU6k8="
    },
    "glob": {
      "version": "7.1.3",
      "resolved": "https://registry.npmjs.org/glob/-/glob-7.1.3.tgz",
      "integrity": "sha512-vcfuiIxogLV4DlGBHIUOwI0IbrJ8HWPc4MU7HzviGeNho/UJDfi6B5p3sHeWIQ0KGIU0Jpxi5ZHxemQfLkkAwQ==",
      "requires": {
        "fs.realpath": "^1.0.0",
        "inflight": "^1.0.4",
        "inherits": "2",
        "minimatch": "^3.0.4",
        "once": "^1.3.0",
        "path-is-absolute": "^1.0.0"
      }
    },
    "inflight": {
      "version": "1.0.6",
      "resolved": "https://registry.npmjs.org/inflight/-/inflight-1.0.6.tgz",
      "integrity": "sha1-Sb1jMdfQLQwJvJEKEHW6gWW1bfk=",
      "requires": {
        "once": "^1.3.0",
        "wrappy": "1"
      }
    },
    "inherits": {
      "version": "2.0.3",
      "resolved": "https://registry.npmjs.org/inherits/-/inherits-2.0.3.tgz",
      "integrity": "sha1-Yzwsg+PaQqUC9SRmAiSA9CCCYd4="
    },
    "json-stable-stringify": {
      "version": "1.0.1",
      "resolved": "https://registry.npmjs.org/json-stable-stringify/-/json-stable-stringify-1.0.1.tgz",
      "integrity": "sha1-mnWdOcXy/1A/1TAGRu1EX4jE+a8=",
      "dev": true,
      "requires": {
        "jsonify": "~0.0.0"
      }
    },
    "jsonify": {
      "version": "0.0.0",
      "resolved": "https://registry.npmjs.org/jsonify/-/jsonify-0.0.0.tgz",
      "integrity": "sha1-LHS27kHZPKUbe1qu6PUDYx0lKnM=",
      "dev": true
    },
    "leb128": {
      "version": "0.0.4",
      "resolved": "https://registry.npmjs.org/leb128/-/leb128-0.0.4.tgz",
      "integrity": "sha512-2zejk0fCIgY8RVcc/KzvyfpDio5Oo8HgPZmkrOmdwmbk0KpKpgD+JKwikxKk8cZYkANIhwHK50SNukkCm3XkCQ==",
      "requires": {
        "bn.js": "^4.11.6",
        "buffer-pipe": "0.0.0"
      }
    },
    "long": {
      "version": "4.0.0",
      "resolved": "https://registry.npmjs.org/long/-/long-4.0.0.tgz",
      "integrity": "sha512-XsP+KhQif4bjX1kbuSiySJFNAehNxgLb6hPRGJ9QsUr8ajHkuXGdrHmFUTUUXhDwVX2R5bY4JNZEwbUiMhV+MA=="
    },
    "minimatch": {
      "version": "3.0.4",
      "resolved": "https://registry.npmjs.org/minimatch/-/minimatch-3.0.4.tgz",
      "integrity": "sha512-yJHVQEhyqPLUTgt9B83PXu6W3rx4MvvHvSUvToogpwoGDOUQ+yDrR0HRot+yOCdCO7u4hX3pWft6kWBBcqh0UA==",
      "requires": {
        "brace-expansion": "^1.1.7"
      }
    },
    "once": {
      "version": "1.4.0",
      "resolved": "https://registry.npmjs.org/once/-/once-1.4.0.tgz",
      "integrity": "sha1-WDsap3WWHUsROsF9nFC6753Xa9E=",
      "requires": {
        "wrappy": "1"
      }
    },
    "path-is-absolute": {
      "version": "1.0.1",
      "resolved": "https://registry.npmjs.org/path-is-absolute/-/path-is-absolute-1.0.1.tgz",
      "integrity": "sha1-F0uSaHNVNP+8es5r9TpanhtcX18="
    },
    "safe-buffer": {
      "version": "5.1.2",
      "resolved": "https://registry.npmjs.org/safe-buffer/-/safe-buffer-5.1.2.tgz",
      "integrity": "sha512-Gd2UZBJDkXlY7GbJxfsE8/nvKkUEU1G38c1siN6QP6a9PT9MmHB8GnpscSmMJSoF8LOIrt8ud/wPtojys4G6+g=="
    },
    "source-map": {
      "version": "0.6.1",
      "resolved": "https://registry.npmjs.org/source-map/-/source-map-0.6.1.tgz",
      "integrity": "sha512-UjgapumWlbMhkBgzT7Ykc5YXUT46F0iKu8SGXq0bcwP5dz/h0Plj6enJqjz1Zbq2l5WaqYnrVbwWOWMyF3F47g=="
    },
    "source-map-support": {
      "version": "0.5.10",
      "resolved": "https://registry.npmjs.org/source-map-support/-/source-map-support-0.5.10.tgz",
      "integrity": "sha512-YfQ3tQFTK/yzlGJuX8pTwa4tifQj4QS2Mj7UegOu8jAz59MqIiMGPXxQhVQiIMNzayuUSF/jEuVnfFF5JqybmQ==",
      "requires": {
        "buffer-from": "^1.0.0",
        "source-map": "^0.6.0"
      }
    },
    "wasm-json-toolkit": {
      "version": "0.2.3",
      "resolved": "https://registry.npmjs.org/wasm-json-toolkit/-/wasm-json-toolkit-0.2.3.tgz",
      "integrity": "sha512-W0pESOST9hHFEmHq9kzMxAEhcPYuASdYCDw4FavKSyQKh3uOmH2slRXR/MhTKJY+gp1AauUDNd9DeE0cS4bV4A==",
      "requires": {
        "bn.js": "^4.11.8",
        "buffer-pipe": "0.0.2",
        "leb128": "0.0.4",
        "safe-buffer": "^5.1.1"
      },
      "dependencies": {
        "buffer-pipe": {
          "version": "0.0.2",
          "resolved": "https://registry.npmjs.org/buffer-pipe/-/buffer-pipe-0.0.2.tgz",
          "integrity": "sha512-YlqzbWVqMv+xEeRyg0OXAJym3zAFTAIuku9l7okwxOXNDxbmSlL5o3QaF5k6IQ2iHO9o1OCo6tT4UkrQkI5VbQ==",
          "requires": {
            "safe-buffer": "^5.1.1"
          }
        }
      }
    },
    "wasm-metering": {
      "version": "0.2.1",
      "resolved": "https://registry.npmjs.org/wasm-metering/-/wasm-metering-0.2.1.tgz",
      "integrity": "sha512-YDlTPY4jspknNyDaVBQhLTuTYBh+39qI0P9F0grmR88NR4oh7qfgpTwZ2ly4oX2hHCj9KlIwhy2Yyez+3/wY2Q==",
      "requires": {
        "leb128": "^0.0.4",
        "wasm-json-toolkit": "0.2.3"
      }
    },
    "wrappy": {
      "version": "1.0.2",
      "resolved": "https://registry.npmjs.org/wrappy/-/wrappy-1.0.2.tgz",
      "integrity": "sha1-tSQ9jz7BqjXxNkYFvA0QNuMKtp8="
    }
  }
}
